
Microsoft Visual Studio Solution File, Format Version 12.00
# Visual Studio Version 17
VisualStudioVersion = 17.5.002.0
MinimumVisualStudioVersion = 10.0.40219.1
Project("{9A19103F-16F7-4668-BE54-9A1E7A4F7556}") = "PruebaCelsia", "PruebaCelsia.csproj", "{7E57C99A-0DE1-4ADF-A581-98CC5B29FCE8}"
EndProject
Global
	GlobalSection(SolutionConfigurationPlatforms) = preSolution
		Debug|Any CPU = Debug|Any CPU
		Release|Any CPU = Release|Any CPU
	EndGlobalSection
	GlobalSection(ProjectConfigurationPlatforms) = postSolution
		{7E57C99A-0DE1-4ADF-A581-98CC5B29FCE8}.Debug|Any CPU.ActiveCfg = Debug|Any CPU
		{7E57C99A-0DE1-4ADF-A581-98CC5B29FCE8}.Debug|Any CPU.Build.0 = Debug|Any CPU
		{7E57C99A-0DE1-4ADF-A581-98CC5B29FCE8}.Release|Any CPU.ActiveCfg = Release|Any CPU
		{7E57C99A-0DE1-4ADF-A581-98CC5B29FCE8}.Release|Any CPU.Build.0 = Release|Any CPU
	EndGlobalSection
	GlobalSection(SolutionProperties) = preSolution
		HideSolutionNode = FALSE
	EndGlobalSection
	GlobalSection(ExtensibilityGlobals) = postSolution
		SolutionGuid = {C2857C55-CA6A-4298-A263-47B3BBFDC13D}
	EndGlobalSection
EndGlobal
